
Microsoft Visual Studio Solution File, Format Version 12.00
# Visual Studio Version 16
VisualStudioVersion = 16.0.32413.511
MinimumVisualStudioVersion = 10.0.40219.1
Project("{FAE04EC0-301F-11D3-BF4B-00C04F79EFBC}") = "SachOnlineTVD", "SachOnlineTVD\SachOnlineTVD.csproj", "{8C00B655-D83B-465B-B15B-3596765E510B}"
EndProject
Global
	GlobalSection(SolutionConfigurationPlatforms) = preSolution
		Debug|Any CPU = Debug|Any CPU
		Release|Any CPU = Release|Any CPU
	EndGlobalSection
	GlobalSection(ProjectConfigurationPlatforms) = postSolution
		{8C00B655-D83B-465B-B15B-3596765E510B}.Debug|Any CPU.ActiveCfg = Debug|Any CPU
		{8C00B655-D83B-465B-B15B-3596765E510B}.Debug|Any CPU.Build.0 = Debug|Any CPU
		{8C00B655-D83B-465B-B15B-3596765E510B}.Release|Any CPU.ActiveCfg = Release|Any CPU
		{8C00B655-D83B-465B-B15B-3596765E510B}.Release|Any CPU.Build.0 = Release|Any CPU
	EndGlobalSection
	GlobalSection(SolutionProperties) = preSolution
		HideSolutionNode = FALSE
	EndGlobalSection
	GlobalSection(ExtensibilityGlobals) = postSolution
		SolutionGuid = {6CE0EEA3-F17F-4C4A-A550-87D677951E27}
	EndGlobalSection
EndGlobal
